
Microsoft Visual Studio Solution File, Format Version 11.00
# Visual Studio 2010
Project("{8BC9CEB8-8B4A-11D0-8D11-00A0C91BC942}") = "snprocksdb", "snprocksdb.vcxproj", "{A1ED91A1-E23A-4B00-8BE4-A3DC6EFFDA38}"
EndProject
Project("{8BC9CEB8-8B4A-11D0-8D11-00A0C91BC942}") = "snpmpicuda", "snpmpicuda.vcxproj", "{01638C36-E5A8-4182-9C34-0C006008DC53}"
EndProject
Project("{8BC9CEB8-8B4A-11D0-8D11-00A0C91BC942}") = "snpworker", "snpworker.vcxproj", "{DA7C1049-1DC3-4949-A3A8-CDAA974C37F6}"
EndProject
Global
	GlobalSection(SolutionConfigurationPlatforms) = preSolution
		Debug|Win32 = Debug|Win32
		Debug|x64 = Debug|x64
		Debug|x86 = Debug|x86
		Debug-CUDA|Win32 = Debug-CUDA|Win32
		Debug-CUDA|x64 = Debug-CUDA|x64
		Debug-CUDA|x86 = Debug-CUDA|x86
		Debug-RocksDB|Win32 = Debug-RocksDB|Win32
		Debug-RocksDB|x64 = Debug-RocksDB|x64
		Debug-RocksDB|x86 = Debug-RocksDB|x86
		Release|Win32 = Release|Win32
		Release|x64 = Release|x64
		Release|x86 = Release|x86
		Release-CUDA|Win32 = Release-CUDA|Win32
		Release-CUDA|x64 = Release-CUDA|x64
		Release-CUDA|x86 = Release-CUDA|x86
		Release-RocksDB|Win32 = Release-RocksDB|Win32
		Release-RocksDB|x64 = Release-RocksDB|x64
		Release-RocksDB|x86 = Release-RocksDB|x86
	EndGlobalSection
	GlobalSection(ProjectConfigurationPlatforms) = postSolution
		{A1ED91A1-E23A-4B00-8BE4-A3DC6EFFDA38}.Debug|Win32.ActiveCfg = Debug|Win32
		{A1ED91A1-E23A-4B00-8BE4-A3DC6EFFDA38}.Debug|Win32.Build.0 = Debug|Win32
		{A1ED91A1-E23A-4B00-8BE4-A3DC6EFFDA38}.Debug|x64.ActiveCfg = Debug|Win32
		{A1ED91A1-E23A-4B00-8BE4-A3DC6EFFDA38}.Debug|x86.ActiveCfg = Debug|Win32
		{A1ED91A1-E23A-4B00-8BE4-A3DC6EFFDA38}.Debug-CUDA|Win32.ActiveCfg = Debug|Win32
		{A1ED91A1-E23A-4B00-8BE4-A3DC6EFFDA38}.Debug-CUDA|Win32.Build.0 = Debug|Win32
		{A1ED91A1-E23A-4B00-8BE4-A3DC6EFFDA38}.Debug-CUDA|x64.ActiveCfg = Debug|Win32
		{A1ED91A1-E23A-4B00-8BE4-A3DC6EFFDA38}.Debug-CUDA|x86.ActiveCfg = Debug|Win32
		{A1ED91A1-E23A-4B00-8BE4-A3DC6EFFDA38}.Debug-RocksDB|Win32.ActiveCfg = Debug|Win32
		{A1ED91A1-E23A-4B00-8BE4-A3DC6EFFDA38}.Debug-RocksDB|Win32.Build.0 = Debug|Win32
		{A1ED91A1-E23A-4B00-8BE4-A3DC6EFFDA38}.Debug-RocksDB|x64.ActiveCfg = Debug|Win32
		{A1ED91A1-E23A-4B00-8BE4-A3DC6EFFDA38}.Debug-RocksDB|x86.ActiveCfg = Debug|Win32
		{A1ED91A1-E23A-4B00-8BE4-A3DC6EFFDA38}.Release|Win32.ActiveCfg = Release|Win32
		{A1ED91A1-E23A-4B00-8BE4-A3DC6EFFDA38}.Release|Win32.Build.0 = Release|Win32
		{A1ED91A1-E23A-4B00-8BE4-A3DC6EFFDA38}.Release|x64.ActiveCfg = Release|Win32
		{A1ED91A1-E23A-4B00-8BE4-A3DC6EFFDA38}.Release|x86.ActiveCfg = Release|Win32
		{A1ED91A1-E23A-4B00-8BE4-A3DC6EFFDA38}.Release-CUDA|Win32.ActiveCfg = Release|Win32
		{A1ED91A1-E23A-4B00-8BE4-A3DC6EFFDA38}.Release-CUDA|Win32.Build.0 = Release|Win32
		{A1ED91A1-E23A-4B00-8BE4-A3DC6EFFDA38}.Release-CUDA|x64.ActiveCfg = Release|Win32
		{A1ED91A1-E23A-4B00-8BE4-A3DC6EFFDA38}.Release-CUDA|x86.ActiveCfg = Release|Win32
		{A1ED91A1-E23A-4B00-8BE4-A3DC6EFFDA38}.Release-RocksDB|Win32.ActiveCfg = Release|Win32
		{A1ED91A1-E23A-4B00-8BE4-A3DC6EFFDA38}.Release-RocksDB|Win32.Build.0 = Release|Win32
		{A1ED91A1-E23A-4B00-8BE4-A3DC6EFFDA38}.Release-RocksDB|x64.ActiveCfg = Release|Win32
		{A1ED91A1-E23A-4B00-8BE4-A3DC6EFFDA38}.Release-RocksDB|x86.ActiveCfg = Release|Win32
		{01638C36-E5A8-4182-9C34-0C006008DC53}.Debug|Win32.ActiveCfg = Debug|Win32
		{01638C36-E5A8-4182-9C34-0C006008DC53}.Debug|Win32.Build.0 = Debug|Win32
		{01638C36-E5A8-4182-9C34-0C006008DC53}.Debug|x64.ActiveCfg = Debug|Win32
		{01638C36-E5A8-4182-9C34-0C006008DC53}.Debug|x86.ActiveCfg = Debug|Win32
		{01638C36-E5A8-4182-9C34-0C006008DC53}.Debug-CUDA|Win32.ActiveCfg = Debug|Win32
		{01638C36-E5A8-4182-9C34-0C006008DC53}.Debug-CUDA|Win32.Build.0 = Debug|Win32
		{01638C36-E5A8-4182-9C34-0C006008DC53}.Debug-CUDA|x64.ActiveCfg = Debug|Win32
		{01638C36-E5A8-4182-9C34-0C006008DC53}.Debug-CUDA|x86.ActiveCfg = Debug|Win32
		{01638C36-E5A8-4182-9C34-0C006008DC53}.Debug-RocksDB|Win32.ActiveCfg = Debug|Win32
		{01638C36-E5A8-4182-9C34-0C006008DC53}.Debug-RocksDB|Win32.Build.0 = Debug|Win32
		{01638C36-E5A8-4182-9C34-0C006008DC53}.Debug-RocksDB|x64.ActiveCfg = Debug|Win32
		{01638C36-E5A8-4182-9C34-0C006008DC53}.Debug-RocksDB|x86.ActiveCfg = Debug|Win32
		{01638C36-E5A8-4182-9C34-0C006008DC53}.Release|Win32.ActiveCfg = Release|Win32
		{01638C36-E5A8-4182-9C34-0C006008DC53}.Release|Win32.Build.0 = Release|Win32
		{01638C36-E5A8-4182-9C34-0C006008DC53}.Release|x64.ActiveCfg = Release|Win32
		{01638C36-E5A8-4182-9C34-0C006008DC53}.Release|x86.ActiveCfg = Release|Win32
		{01638C36-E5A8-4182-9C34-0C006008DC53}.Release-CUDA|Win32.ActiveCfg = Release|Win32
		{01638C36-E5A8-4182-9C34-0C006008DC53}.Release-CUDA|Win32.Build.0 = Release|Win32
		{01638C36-E5A8-4182-9C34-0C006008DC53}.Release-CUDA|x64.ActiveCfg = Release|Win32
		{01638C36-E5A8-4182-9C34-0C006008DC53}.Release-CUDA|x86.ActiveCfg = Release|Win32
		{01638C36-E5A8-4182-9C34-0C006008DC53}.Release-RocksDB|Win32.ActiveCfg = Release|Win32
		{01638C36-E5A8-4182-9C34-0C006008DC53}.Release-RocksDB|Win32.Build.0 = Release|Win32
		{01638C36-E5A8-4182-9C34-0C006008DC53}.Release-RocksDB|x64.ActiveCfg = Release|Win32
		{01638C36-E5A8-4182-9C34-0C006008DC53}.Release-RocksDB|x86.ActiveCfg = Release|Win32
		{DA7C1049-1DC3-4949-A3A8-CDAA974C37F6}.Debug|Win32.ActiveCfg = Debug-CUDA|x64
		{DA7C1049-1DC3-4949-A3A8-CDAA974C37F6}.Debug|x64.ActiveCfg = Debug-CUDA|x64
		{DA7C1049-1DC3-4949-A3A8-CDAA974C37F6}.Debug|x64.Build.0 = Debug-CUDA|x64
		{DA7C1049-1DC3-4949-A3A8-CDAA974C37F6}.Debug|x86.ActiveCfg = Debug-CUDA|x64
		{DA7C1049-1DC3-4949-A3A8-CDAA974C37F6}.Debug-CUDA|Win32.ActiveCfg = Debug-CUDA|Win32
		{DA7C1049-1DC3-4949-A3A8-CDAA974C37F6}.Debug-CUDA|Win32.Build.0 = Debug-CUDA|Win32
		{DA7C1049-1DC3-4949-A3A8-CDAA974C37F6}.Debug-CUDA|x64.ActiveCfg = Debug-CUDA|x64
		{DA7C1049-1DC3-4949-A3A8-CDAA974C37F6}.Debug-CUDA|x64.Build.0 = Debug-CUDA|x64
		{DA7C1049-1DC3-4949-A3A8-CDAA974C37F6}.Debug-CUDA|x86.ActiveCfg = Debug-CUDA|x64
		{DA7C1049-1DC3-4949-A3A8-CDAA974C37F6}.Debug-RocksDB|Win32.ActiveCfg = Debug-CUDA|x64
		{DA7C1049-1DC3-4949-A3A8-CDAA974C37F6}.Debug-RocksDB|x64.ActiveCfg = Debug-CUDA|x64
		{DA7C1049-1DC3-4949-A3A8-CDAA974C37F6}.Debug-RocksDB|x64.Build.0 = Debug-CUDA|x64
		{DA7C1049-1DC3-4949-A3A8-CDAA974C37F6}.Debug-RocksDB|x86.ActiveCfg = Debug-CUDA|x64
		{DA7C1049-1DC3-4949-A3A8-CDAA974C37F6}.Release|Win32.ActiveCfg = Release-CUDA|x64
		{DA7C1049-1DC3-4949-A3A8-CDAA974C37F6}.Release|x64.ActiveCfg = Release-CUDA|x64
		{DA7C1049-1DC3-4949-A3A8-CDAA974C37F6}.Release|x64.Build.0 = Release-CUDA|x64
		{DA7C1049-1DC3-4949-A3A8-CDAA974C37F6}.Release|x86.ActiveCfg = Release-CUDA|x64
		{DA7C1049-1DC3-4949-A3A8-CDAA974C37F6}.Release-CUDA|Win32.ActiveCfg = Release-CUDA|Win32
		{DA7C1049-1DC3-4949-A3A8-CDAA974C37F6}.Release-CUDA|Win32.Build.0 = Release-CUDA|Win32
		{DA7C1049-1DC3-4949-A3A8-CDAA974C37F6}.Release-CUDA|x64.ActiveCfg = Release-CUDA|x64
		{DA7C1049-1DC3-4949-A3A8-CDAA974C37F6}.Release-CUDA|x64.Build.0 = Release-CUDA|x64
		{DA7C1049-1DC3-4949-A3A8-CDAA974C37F6}.Release-CUDA|x86.ActiveCfg = Release-CUDA|x64
		{DA7C1049-1DC3-4949-A3A8-CDAA974C37F6}.Release-RocksDB|Win32.ActiveCfg = Release-CUDA|x64
		{DA7C1049-1DC3-4949-A3A8-CDAA974C37F6}.Release-RocksDB|x64.ActiveCfg = Release-CUDA|x64
		{DA7C1049-1DC3-4949-A3A8-CDAA974C37F6}.Release-RocksDB|x64.Build.0 = Release-CUDA|x64
		{DA7C1049-1DC3-4949-A3A8-CDAA974C37F6}.Release-RocksDB|x86.ActiveCfg = Release-CUDA|x64
	EndGlobalSection
	GlobalSection(SolutionProperties) = preSolution
		HideSolutionNode = FALSE
	EndGlobalSection
EndGlobal
