<?xml version="1.0" encoding="utf-8"?>
<Project ToolsVersion="4.0" xmlns="http://schemas.microsoft.com/developer/msbuild/2003">
  <ItemGroup>
    <Filter Include="source">
      <UniqueIdentifier>{6e46c54b-7057-4f75-96a0-b473ad2e3746}</UniqueIdentifier>
    </Filter>
    <Filter Include="include">
      <UniqueIdentifier>{5d045597-1257-497f-bc53-30c024c3a8b4}</UniqueIdentifier>
    </Filter>
    <Filter Include="include\snp">
      <UniqueIdentifier>{9556cc2d-cf08-43ef-849f-f2e132d67ec3}</UniqueIdentifier>
    </Filter>
    <Filter Include="source\mpicuda">
      <UniqueIdentifier>{fb49ca24-3c7e-4e5f-a7b2-f9051d39f7d9}</UniqueIdentifier>
    </Filter>
  </ItemGroup>
  <ItemGroup>
    <ClInclude Include="..\..\include\snp\snp.h">
      <Filter>include\snp</Filter>
    </ClInclude>
    <ClInclude Include="..\..\include\snp\snpDevice.h">
      <Filter>include\snp</Filter>
    </ClInclude>
    <ClInclude Include="..\..\include\snp\snpErrorCode.h">
      <Filter>include\snp</Filter>
    </ClInclude>
    <ClInclude Include="..\..\include\snp\snpMacros.h">
      <Filter>include\snp</Filter>
    </ClInclude>
    <ClInclude Include="..\..\include\snp\snpOperation.h">
      <Filter>include\snp</Filter>
    </ClInclude>
    <ClInclude Include="..\..\source\mpicuda\snpCommand.h">
      <Filter>source\mpicuda</Filter>
    </ClInclude>
  </ItemGroup>
  <ItemGroup>
    <ClCompile Include="..\..\source\snpDevice.cpp">
      <Filter>source</Filter>
    </ClCompile>
    <ClCompile Include="..\..\source\mpicuda\snpDeviceCUDA.cpp">
      <Filter>source\mpicuda</Filter>
    </ClCompile>
  </ItemGroup>
</Project>