<?xml version="1.0" encoding="utf-8"?>
<Project ToolsVersion="4.0" xmlns="http://schemas.microsoft.com/developer/msbuild/2003">
  <ItemGroup>
    <Filter Include="tclap">
      <UniqueIdentifier>{34697c69-4fd4-491b-b88d-f2c20309f8e9}</UniqueIdentifier>
    </Filter>
    <Filter Include="tclap\include">
      <UniqueIdentifier>{56d4256e-4437-4024-ac5f-56133638935f}</UniqueIdentifier>
    </Filter>
    <Filter Include="tclap\include\tclap">
      <UniqueIdentifier>{f4dbb80c-096c-4340-bbaa-831022186e6e}</UniqueIdentifier>
    </Filter>
    <Filter Include="snpworker">
      <UniqueIdentifier>{affcfcf4-6ae6-4fdf-8b50-772a780bbafa}</UniqueIdentifier>
    </Filter>
    <Filter Include="pthreads-win32">
      <UniqueIdentifier>{d043ce4a-d7da-408e-85c4-df0492db3a4a}</UniqueIdentifier>
    </Filter>
    <Filter Include="pthreads-win32\include">
      <UniqueIdentifier>{749112ff-9da0-4e6d-90a6-28e40473ceff}</UniqueIdentifier>
    </Filter>
    <Filter Include="network">
      <UniqueIdentifier>{5412acc3-7fac-4042-ba9a-451697b888e9}</UniqueIdentifier>
    </Filter>
  </ItemGroup>
  <ItemGroup>
    <ClInclude Include="..\..\external\tclap-1.2.1\include\tclap\Arg.h">
      <Filter>tclap\include\tclap</Filter>
    </ClInclude>
    <ClInclude Include="..\..\external\tclap-1.2.1\include\tclap\ArgException.h">
      <Filter>tclap\include\tclap</Filter>
    </ClInclude>
    <ClInclude Include="..\..\external\tclap-1.2.1\include\tclap\ArgTraits.h">
      <Filter>tclap\include\tclap</Filter>
    </ClInclude>
    <ClInclude Include="..\..\external\tclap-1.2.1\include\tclap\CmdLine.h">
      <Filter>tclap\include\tclap</Filter>
    </ClInclude>
    <ClInclude Include="..\..\external\tclap-1.2.1\include\tclap\CmdLineInterface.h">
      <Filter>tclap\include\tclap</Filter>
    </ClInclude>
    <ClInclude Include="..\..\external\tclap-1.2.1\include\tclap\CmdLineOutput.h">
      <Filter>tclap\include\tclap</Filter>
    </ClInclude>
    <ClInclude Include="..\..\external\tclap-1.2.1\include\tclap\Constraint.h">
      <Filter>tclap\include\tclap</Filter>
    </ClInclude>
    <ClInclude Include="..\..\external\tclap-1.2.1\include\tclap\DocBookOutput.h">
      <Filter>tclap\include\tclap</Filter>
    </ClInclude>
    <ClInclude Include="..\..\external\tclap-1.2.1\include\tclap\HelpVisitor.h">
      <Filter>tclap\include\tclap</Filter>
    </ClInclude>
    <ClInclude Include="..\..\external\tclap-1.2.1\include\tclap\IgnoreRestVisitor.h">
      <Filter>tclap\include\tclap</Filter>
    </ClInclude>
    <ClInclude Include="..\..\external\tclap-1.2.1\include\tclap\MultiArg.h">
      <Filter>tclap\include\tclap</Filter>
    </ClInclude>
    <ClInclude Include="..\..\external\tclap-1.2.1\include\tclap\MultiSwitchArg.h">
      <Filter>tclap\include\tclap</Filter>
    </ClInclude>
    <ClInclude Include="..\..\external\tclap-1.2.1\include\tclap\OptionalUnlabeledTracker.h">
      <Filter>tclap\include\tclap</Filter>
    </ClInclude>
    <ClInclude Include="..\..\external\tclap-1.2.1\include\tclap\StandardTraits.h">
      <Filter>tclap\include\tclap</Filter>
    </ClInclude>
    <ClInclude Include="..\..\external\tclap-1.2.1\include\tclap\StdOutput.h">
      <Filter>tclap\include\tclap</Filter>
    </ClInclude>
    <ClInclude Include="..\..\external\tclap-1.2.1\include\tclap\SwitchArg.h">
      <Filter>tclap\include\tclap</Filter>
    </ClInclude>
    <ClInclude Include="..\..\external\tclap-1.2.1\include\tclap\UnlabeledMultiArg.h">
      <Filter>tclap\include\tclap</Filter>
    </ClInclude>
    <ClInclude Include="..\..\external\tclap-1.2.1\include\tclap\UnlabeledValueArg.h">
      <Filter>tclap\include\tclap</Filter>
    </ClInclude>
    <ClInclude Include="..\..\external\tclap-1.2.1\include\tclap\ValueArg.h">
      <Filter>tclap\include\tclap</Filter>
    </ClInclude>
    <ClInclude Include="..\..\external\tclap-1.2.1\include\tclap\ValuesConstraint.h">
      <Filter>tclap\include\tclap</Filter>
    </ClInclude>
    <ClInclude Include="..\..\external\tclap-1.2.1\include\tclap\VersionVisitor.h">
      <Filter>tclap\include\tclap</Filter>
    </ClInclude>
    <ClInclude Include="..\..\external\tclap-1.2.1\include\tclap\Visitor.h">
      <Filter>tclap\include\tclap</Filter>
    </ClInclude>
    <ClInclude Include="..\..\external\tclap-1.2.1\include\tclap\XorHandler.h">
      <Filter>tclap\include\tclap</Filter>
    </ClInclude>
    <ClInclude Include="..\..\external\tclap-1.2.1\include\tclap\ZshCompletionOutput.h">
      <Filter>tclap\include\tclap</Filter>
    </ClInclude>
    <ClInclude Include="..\..\source\mpicuda\snpworker\Worker.h">
      <Filter>snpworker</Filter>
    </ClInclude>
    <ClInclude Include="..\..\source\mpicuda\snpworker\Common.h">
      <Filter>snpworker</Filter>
    </ClInclude>
    <ClInclude Include="..\..\source\mpicuda\snpworker\Kernel.h">
      <Filter>snpworker</Filter>
    </ClInclude>
    <ClInclude Include="..\..\external\pthreads-win32\include\pthread.h">
      <Filter>pthreads-win32\include</Filter>
    </ClInclude>
    <ClInclude Include="..\..\external\pthreads-win32\include\sched.h">
      <Filter>pthreads-win32\include</Filter>
    </ClInclude>
    <ClInclude Include="..\..\external\pthreads-win32\include\semaphore.h">
      <Filter>pthreads-win32\include</Filter>
    </ClInclude>
    <ClInclude Include="..\..\source\mpicuda\network\DataTypes.h">
      <Filter>network</Filter>
    </ClInclude>
    <ClInclude Include="..\..\source\mpicuda\network\Packet.h">
      <Filter>network</Filter>
    </ClInclude>
    <ClInclude Include="..\..\source\mpicuda\network\ProtocolHandler.h">
      <Filter>network</Filter>
    </ClInclude>
    <ClInclude Include="..\..\source\mpicuda\network\Socket.h">
      <Filter>network</Filter>
    </ClInclude>
    <ClInclude Include="..\..\source\mpicuda\network\SocketAcceptor.h">
      <Filter>network</Filter>
    </ClInclude>
    <ClInclude Include="..\..\source\mpicuda\network\RenameMe.h">
      <Filter>network</Filter>
    </ClInclude>
  </ItemGroup>
  <ItemGroup>
    <ClCompile Include="..\..\source\mpicuda\snpworker\Worker.cpp">
      <Filter>snpworker</Filter>
    </ClCompile>
    <ClCompile Include="..\..\source\mpicuda\snpworker\Main.cpp">
      <Filter>snpworker</Filter>
    </ClCompile>
    <ClCompile Include="..\..\source\mpicuda\snpworker\Test.cpp">
      <Filter>snpworker</Filter>
    </ClCompile>
    <ClCompile Include="..\..\source\mpicuda\network\Packet.cpp">
      <Filter>network</Filter>
    </ClCompile>
    <ClCompile Include="..\..\source\mpicuda\network\ProtocolHandler.cpp">
      <Filter>network</Filter>
    </ClCompile>
    <ClCompile Include="..\..\source\mpicuda\network\Socket.cpp">
      <Filter>network</Filter>
    </ClCompile>
    <ClCompile Include="..\..\source\mpicuda\network\SocketAcceptor.cpp">
      <Filter>network</Filter>
    </ClCompile>
    <ClCompile Include="..\..\source\mpicuda\network\RenameMe.cpp">
      <Filter>network</Filter>
    </ClCompile>
  </ItemGroup>
  <ItemGroup>
    <CudaCompile Include="..\..\source\mpicuda\snpworker\Kernel.cu">
      <Filter>snpworker</Filter>
    </CudaCompile>
  </ItemGroup>
</Project>