<?xml version="1.0" encoding="utf-8"?>
<Project ToolsVersion="4.0" xmlns="http://schemas.microsoft.com/developer/msbuild/2003">
  <ItemGroup>
    <CudaCompile Include="..\..\source\kernel.cu">
      <Filter>source</Filter>
    </CudaCompile>
  </ItemGroup>
  <ItemGroup>
    <Filter Include="include">
      <UniqueIdentifier>{5d39f50e-d90d-4f76-b09c-70aeadda8d32}</UniqueIdentifier>
    </Filter>
    <Filter Include="source">
      <UniqueIdentifier>{668bdcdb-b78a-4114-83de-b195dbeae1db}</UniqueIdentifier>
    </Filter>
    <Filter Include="include\snp-cuda">
      <UniqueIdentifier>{c6cd9082-9610-4a21-a52f-09ff3ce66232}</UniqueIdentifier>
    </Filter>
  </ItemGroup>
  <ItemGroup>
    <ClInclude Include="..\..\include\snp-cuda\snp-cuda.h">
      <Filter>include\snp-cuda</Filter>
    </ClInclude>
    <ClInclude Include="..\..\include\snp-cuda\snpDevice.h">
      <Filter>include\snp-cuda</Filter>
    </ClInclude>
    <ClInclude Include="..\..\include\snp-cuda\snpErrorCode.h">
      <Filter>include\snp-cuda</Filter>
    </ClInclude>
    <ClInclude Include="..\..\include\snp-cuda\snpMacros.h">
      <Filter>include\snp-cuda</Filter>
    </ClInclude>
    <ClInclude Include="..\..\source\kernel.h">
      <Filter>source</Filter>
    </ClInclude>
    <ClInclude Include="..\..\include\snp-cuda\snpOperation.h">
      <Filter>include\snp-cuda</Filter>
    </ClInclude>
    <ClInclude Include="..\..\include\snp-cuda\snpBackendConfig.h">
      <Filter>include\snp-cuda</Filter>
    </ClInclude>
  </ItemGroup>
  <ItemGroup>
    <ClCompile Include="..\..\source\snpDeviceGPU.cpp">
      <Filter>source</Filter>
    </ClCompile>
    <ClCompile Include="..\..\source\snpDeviceRocksDB.cpp">
      <Filter>source</Filter>
    </ClCompile>
    <ClCompile Include="..\..\source\snpDevice.cpp">
      <Filter>source</Filter>
    </ClCompile>
  </ItemGroup>
</Project>